{
  "name": "vcf-chunk",
  "version": "1.0.0",
  "lockfileVersion": 1,
  "requires": true,
  "dependencies": {
    "camelcase": {
      "version": "3.0.0",
      "resolved": "https://registry.npmjs.org/camelcase/-/camelcase-3.0.0.tgz",
      "integrity": "sha1-MvxLn82vhF/N9+c7uXysImHwqwo="
    },
    "foldline": {
      "version": "1.0.1",
      "resolved": "https://registry.npmjs.org/foldline/-/foldline-1.0.1.tgz",
      "integrity": "sha512-6uUGbZy5VAmBfFkjIf/BB+jVM0H2kvVzBED6l0QrVw6ELXKlDq7ZcFw/IJ3uuMEma+t+Udk790T+Icu7RRUPmg=="
    },
    "vcf": {
      "version": "2.0.1",
      "resolved": "https://registry.npmjs.org/vcf/-/vcf-2.0.1.tgz",
      "integrity": "sha512-hhqCZ8tptar2lvfzFQ8FFIqP3JDEqE8w7YsjHo8p06dol2VufepPnP7w/Q/JtF5lkFW2rewnyKVPbeWB5R3GRg==",
      "requires": {
        "camelcase": "~3.0.0",
        "foldline": "~1.0.0"
      }
    }
  }
}
